
Microsoft Visual Studio Solution File, Format Version 12.00
# Visual Studio Version 17
VisualStudioVersion = 17.4.33213.308
MinimumVisualStudioVersion = 10.0.40219.1
Project("{FAE04EC0-301F-11D3-BF4B-00C04F79EFBC}") = "SMSAPP", "SMSAPP\SMSAPP.csproj", "{97746385-6714-4CF5-8525-1C4DA0567192}"
EndProject
Global
	GlobalSection(SolutionConfigurationPlatforms) = preSolution
		Debug|Any CPU = Debug|Any CPU
		Release|Any CPU = Release|Any CPU
	EndGlobalSection
	GlobalSection(ProjectConfigurationPlatforms) = postSolution
		{97746385-6714-4CF5-8525-1C4DA0567192}.Debug|Any CPU.ActiveCfg = Debug|Any CPU
		{97746385-6714-4CF5-8525-1C4DA0567192}.Debug|Any CPU.Build.0 = Debug|Any CPU
		{97746385-6714-4CF5-8525-1C4DA0567192}.Release|Any CPU.ActiveCfg = Release|Any CPU
		{97746385-6714-4CF5-8525-1C4DA0567192}.Release|Any CPU.Build.0 = Release|Any CPU
	EndGlobalSection
	GlobalSection(SolutionProperties) = preSolution
		HideSolutionNode = FALSE
	EndGlobalSection
	GlobalSection(ExtensibilityGlobals) = postSolution
		SolutionGuid = {B0792395-34C0-429C-B333-CD814CAB509C}
	EndGlobalSection
EndGlobal
